
Microsoft Visual Studio Solution File, Format Version 12.00
# Visual Studio Version 16
VisualStudioVersion = 16.0.30611.23
MinimumVisualStudioVersion = 10.0.40219.1
Project("{FAE04EC0-301F-11D3-BF4B-00C04F79EFBC}") = "ProductRegistrationAPI", "ProductRegistrationAPI.csproj", "{28126EEC-1994-4CF8-930F-AC9F449DD29D}"
EndProject
Global
	GlobalSection(SolutionConfigurationPlatforms) = preSolution
		Debug|Any CPU = Debug|Any CPU
		Release|Any CPU = Release|Any CPU
	EndGlobalSection
	GlobalSection(ProjectConfigurationPlatforms) = postSolution
		{28126EEC-1994-4CF8-930F-AC9F449DD29D}.Debug|Any CPU.ActiveCfg = Debug|Any CPU
		{28126EEC-1994-4CF8-930F-AC9F449DD29D}.Debug|Any CPU.Build.0 = Debug|Any CPU
		{28126EEC-1994-4CF8-930F-AC9F449DD29D}.Release|Any CPU.ActiveCfg = Release|Any CPU
		{28126EEC-1994-4CF8-930F-AC9F449DD29D}.Release|Any CPU.Build.0 = Release|Any CPU
	EndGlobalSection
	GlobalSection(SolutionProperties) = preSolution
		HideSolutionNode = FALSE
	EndGlobalSection
	GlobalSection(ExtensibilityGlobals) = postSolution
		SolutionGuid = {629EB6FE-8FE9-4A67-9C44-1BD2FCFB1B77}
	EndGlobalSection
EndGlobal
